// !$*UTF8*$!
{
	archiveVersion = 1;
	classes = {
	};
	objectVersion = 55;
	objects = {

/* Begin PBXBuildFile section */
		2541B29E27CACAE90067F05D /* main.swift in Sources */ = {isa = PBXBuildFile; fileRef = 2541B29D27CACAE90067F05D /* main.swift */; };
		2541B2AA27CAD2BA0067F05D /* SwiftSoup in Frameworks */ = {isa = PBXBuildFile; productRef = 2541B2A927CAD2BA0067F05D /* SwiftSoup */; };
		2541B2AC27CAD33A0067F05D /* Kitchen.swift in Sources */ = {isa = PBXBuildFile; fileRef = 2541B2AB27CAD33A0067F05D /* Kitchen.swift */; };
		254E758027D193BC00FB9005 /* ImportExport.swift in Sources */ = {isa = PBXBuildFile; fileRef = 254E757F27D193BC00FB9005 /* ImportExport.swift */; };
		254E758327D2FF7600FB9005 /* SwiftyJSON in Frameworks */ = {isa = PBXBuildFile; productRef = 254E758227D2FF7600FB9005 /* SwiftyJSON */; };
		B34A708927D075A8003CD5D1 /* Extensions.swift in Sources */ = {isa = PBXBuildFile; fileRef = B34A708827D075A8003CD5D1 /* Extensions.swift */; };
		B34A708B27D07B82003CD5D1 /* Player.swift in Sources */ = {isa = PBXBuildFile; fileRef = B34A708A27D07B82003CD5D1 /* Player.swift */; };
		B34A708E27D08782003CD5D1 /* Encoder.swift in Sources */ = {isa = PBXBuildFile; fileRef = B34A708D27D08782003CD5D1 /* Encoder.swift */; };
/* End PBXBuildFile section */

/* Begin PBXCopyFilesBuildPhase section */
		2541B29827CACAE90067F05D /* CopyFiles */ = {
			isa = PBXCopyFilesBuildPhase;
			buildActionMask = 2147483647;
			dstPath = /usr/share/man/man1/;
			dstSubfolderSpec = 0;
			files = (
			);
			runOnlyForDeploymentPostprocessing = 1;
		};
/* End PBXCopyFilesBuildPhase section */

/* Begin PBXFileReference section */
		2541B29A27CACAE90067F05D /* SoupKitchen */ = {isa = PBXFileReference; explicitFileType = "compiled.mach-o.executable"; includeInIndex = 0; path = SoupKitchen; sourceTree = BUILT_PRODUCTS_DIR; };
		2541B29D27CACAE90067F05D /* main.swift */ = {isa = PBXFileReference; lastKnownFileType = sourcecode.swift; path = main.swift; sourceTree = "<group>"; };
		2541B2A727CAD2490067F05D /* h2hArticle.html */ = {isa = PBXFileReference; fileEncoding = 4; lastKnownFileType = text.html; path = h2hArticle.html; sourceTree = "<group>"; };
		2541B2AB27CAD33A0067F05D /* Kitchen.swift */ = {isa = PBXFileReference; fileEncoding = 4; lastKnownFileType = sourcecode.swift; path = Kitchen.swift; sourceTree = "<group>"; };
		254E757F27D193BC00FB9005 /* ImportExport.swift */ = {isa = PBXFileReference; lastKnownFileType = sourcecode.swift; path = ImportExport.swift; sourceTree = "<group>"; };
		B34A708827D075A8003CD5D1 /* Extensions.swift */ = {isa = PBXFileReference; lastKnownFileType = sourcecode.swift; path = Extensions.swift; sourceTree = "<group>"; };
		B34A708A27D07B82003CD5D1 /* Player.swift */ = {isa = PBXFileReference; lastKnownFileType = sourcecode.swift; name = Player.swift; path = SoupKitchen/Player.swift; sourceTree = SOURCE_ROOT; };
		B34A708D27D08782003CD5D1 /* Encoder.swift */ = {isa = PBXFileReference; lastKnownFileType = sourcecode.swift; path = Encoder.swift; sourceTree = "<group>"; };
/* End PBXFileReference section */

/* Begin PBXFrameworksBuildPhase section */
		2541B29727CACAE90067F05D /* Frameworks */ = {
			isa = PBXFrameworksBuildPhase;
			buildActionMask = 2147483647;
			files = (
				254E758327D2FF7600FB9005 /* SwiftyJSON in Frameworks */,
				2541B2AA27CAD2BA0067F05D /* SwiftSoup in Frameworks */,
			);
			runOnlyForDeploymentPostprocessing = 0;
		};
/* End PBXFrameworksBuildPhase section */

/* Begin PBXGroup section */
		2541B29127CACAE80067F05D = {
			isa = PBXGroup;
			children = (
				2541B29C27CACAE90067F05D /* SoupKitchen */,
				2541B29B27CACAE90067F05D /* Products */,
			);
			sourceTree = "<group>";
		};
		2541B29B27CACAE90067F05D /* Products */ = {
			isa = PBXGroup;
			children = (
				2541B29A27CACAE90067F05D /* SoupKitchen */,
			);
			name = Products;
			sourceTree = "<group>";
		};
		2541B29C27CACAE90067F05D /* SoupKitchen */ = {
			isa = PBXGroup;
			children = (
				2541B29D27CACAE90067F05D /* main.swift */,
				2541B2AB27CAD33A0067F05D /* Kitchen.swift */,
				254E757F27D193BC00FB9005 /* ImportExport.swift */,
				B34A708A27D07B82003CD5D1 /* Player.swift */,
				B34A708C27D0875A003CD5D1 /* Helpers */,
				2541B2AD27CAD45F0067F05D /* Resources */,
			);
			path = SoupKitchen;
			sourceTree = "<group>";
		};
		2541B2AD27CAD45F0067F05D /* Resources */ = {
			isa = PBXGroup;
			children = (
				2541B2A727CAD2490067F05D /* h2hArticle.html */,
			);
			path = Resources;
			sourceTree = "<group>";
		};
		B34A708C27D0875A003CD5D1 /* Helpers */ = {
			isa = PBXGroup;
			children = (
				B34A708827D075A8003CD5D1 /* Extensions.swift */,
				B34A708D27D08782003CD5D1 /* Encoder.swift */,
			);
			path = Helpers;
			sourceTree = "<group>";
		};
/* End PBXGroup section */

/* Begin PBXNativeTarget section */
		2541B29927CACAE90067F05D /* SoupKitchen */ = {
			isa = PBXNativeTarget;
			buildConfigurationList = 2541B2A127CACAE90067F05D /* Build configuration list for PBXNativeTarget "SoupKitchen" */;
			buildPhases = (
				2541B29627CACAE90067F05D /* Sources */,
				2541B29727CACAE90067F05D /* Frameworks */,
				2541B29827CACAE90067F05D /* CopyFiles */,
			);
			buildRules = (
			);
			dependencies = (
			);
			name = SoupKitchen;
			packageProductDependencies = (
				2541B2A927CAD2BA0067F05D /* SwiftSoup */,
				254E758227D2FF7600FB9005 /* SwiftyJSON */,
			);
			productName = SoupKitchen;
			productReference = 2541B29A27CACAE90067F05D /* SoupKitchen */;
			productType = "com.apple.product-type.tool";
		};
/* End PBXNativeTarget section */

/* Begin PBXProject section */
		2541B29227CACAE90067F05D /* Project object */ = {
			isa = PBXProject;
			attributes = {
				BuildIndependentTargetsInParallel = 1;
				LastSwiftUpdateCheck = 1320;
				LastUpgradeCheck = 1320;
				TargetAttributes = {
					2541B29927CACAE90067F05D = {
						CreatedOnToolsVersion = 13.2.1;
					};
				};
			};
			buildConfigurationList = 2541B29527CACAE90067F05D /* Build configuration list for PBXProject "SoupKitchen" */;
			compatibilityVersion = "Xcode 13.0";
			developmentRegion = en;
			hasScannedForEncodings = 0;
			knownRegions = (
				en,
				Base,
			);
			mainGroup = 2541B29127CACAE80067F05D;
			packageReferences = (
				2541B2A827CAD2BA0067F05D /* XCRemoteSwiftPackageReference "SwiftSoup" */,
				254E758127D2FF7600FB9005 /* XCRemoteSwiftPackageReference "SwiftyJSON" */,
			);
			productRefGroup = 2541B29B27CACAE90067F05D /* Products */;
			projectDirPath = "";
			projectRoot = "";
			targets = (
				2541B29927CACAE90067F05D /* SoupKitchen */,
			);
		};
/* End PBXProject section */

/* Begin PBXSourcesBuildPhase section */
		2541B29627CACAE90067F05D /* Sources */ = {
			isa = PBXSourcesBuildPhase;
			buildActionMask = 2147483647;
			files = (
				254E758027D193BC00FB9005 /* ImportExport.swift in Sources */,
				B34A708B27D07B82003CD5D1 /* Player.swift in Sources */,
				2541B2AC27CAD33A0067F05D /* Kitchen.swift in Sources */,
				B34A708E27D08782003CD5D1 /* Encoder.swift in Sources */,
				2541B29E27CACAE90067F05D /* main.swift in Sources */,
				B34A708927D075A8003CD5D1 /* Extensions.swift in Sources */,
			);
			runOnlyForDeploymentPostprocessing = 0;
		};
/* End PBXSourcesBuildPhase section */

/* Begin XCBuildConfiguration section */
		2541B29F27CACAE90067F05D /* Debug */ = {
			isa = XCBuildConfiguration;
			buildSettings = {
				ALWAYS_SEARCH_USER_PATHS = NO;
				CLANG_ANALYZER_NONNULL = YES;
				CLANG_ANALYZER_NUMBER_OBJECT_CONVERSION = YES_AGGRESSIVE;
				CLANG_CXX_LANGUAGE_STANDARD = "gnu++17";
				CLANG_CXX_LIBRARY = "libc++";
				CLANG_ENABLE_MODULES = YES;
				CLANG_ENABLE_OBJC_ARC = YES;
				CLANG_ENABLE_OBJC_WEAK = YES;
				CLANG_WARN_BLOCK_CAPTURE_AUTORELEASING = YES;
				CLANG_WARN_BOOL_CONVERSION = YES;
				CLANG_WARN_COMMA = YES;
				CLANG_WARN_CONSTANT_CONVERSION = YES;
				CLANG_WARN_DEPRECATED_OBJC_IMPLEMENTATIONS = YES;
				CLANG_WARN_DIRECT_OBJC_ISA_USAGE = YES_ERROR;
				CLANG_WARN_DOCUMENTATION_COMMENTS = YES;
				CLANG_WARN_EMPTY_BODY = YES;
				CLANG_WARN_ENUM_CONVERSION = YES;
				CLANG_WARN_INFINITE_RECURSION = YES;
				CLANG_WARN_INT_CONVERSION = YES;
				CLANG_WARN_NON_LITERAL_NULL_CONVERSION = YES;
				CLANG_WARN_OBJC_IMPLICIT_RETAIN_SELF = YES;
				CLANG_WARN_OBJC_LITERAL_CONVERSION = YES;
				CLANG_WARN_OBJC_ROOT_CLASS = YES_ERROR;
				CLANG_WARN_QUOTED_INCLUDE_IN_FRAMEWORK_HEADER = YES;
				CLANG_WARN_RANGE_LOOP_ANALYSIS = YES;
				CLANG_WARN_STRICT_PROTOTYPES = YES;
				CLANG_WARN_SUSPICIOUS_MOVE = YES;
				CLANG_WARN_UNGUARDED_AVAILABILITY = YES_AGGRESSIVE;
				CLANG_WARN_UNREACHABLE_CODE = YES;
				CLANG_WARN__DUPLICATE_METHOD_MATCH = YES;
				COPY_PHASE_STRIP = NO;
				DEBUG_INFORMATION_FORMAT = dwarf;
				ENABLE_STRICT_OBJC_MSGSEND = YES;
				ENABLE_TESTABILITY = YES;
				GCC_C_LANGUAGE_STANDARD = gnu11;
				GCC_DYNAMIC_NO_PIC = NO;
				GCC_NO_COMMON_BLOCKS = YES;
				GCC_OPTIMIZATION_LEVEL = 0;
				GCC_PREPROCESSOR_DEFINITIONS = (
					"DEBUG=1",
					"$(inherited)",
				);
				GCC_WARN_64_TO_32_BIT_CONVERSION = YES;
				GCC_WARN_ABOUT_RETURN_TYPE = YES_ERROR;
				GCC_WARN_UNDECLARED_SELECTOR = YES;
				GCC_WARN_UNINITIALIZED_AUTOS = YES_AGGRESSIVE;
				GCC_WARN_UNUSED_FUNCTION = YES;
				GCC_WARN_UNUSED_VARIABLE = YES;
				MACOSX_DEPLOYMENT_TARGET = 12.1;
				MTL_ENABLE_DEBUG_INFO = INCLUDE_SOURCE;
				MTL_FAST_MATH = YES;
				ONLY_ACTIVE_ARCH = YES;
				SDKROOT = macosx;
				SWIFT_ACTIVE_COMPILATION_CONDITIONS = DEBUG;
				SWIFT_OPTIMIZATION_LEVEL = "-Onone";
			};
			name = Debug;
		};
		2541B2A027CACAE90067F05D /* Release */ = {
			isa = XCBuildConfiguration;
			buildSettings = {
				ALWAYS_SEARCH_USER_PATHS = NO;
				CLANG_ANALYZER_NONNULL = YES;
				CLANG_ANALYZER_NUMBER_OBJECT_CONVERSION = YES_AGGRESSIVE;
				CLANG_CXX_LANGUAGE_STANDARD = "gnu++17";
				CLANG_CXX_LIBRARY = "libc++";
				CLANG_ENABLE_MODULES = YES;
				CLANG_ENABLE_OBJC_ARC = YES;
				CLANG_ENABLE_OBJC_WEAK = YES;
				CLANG_WARN_BLOCK_CAPTURE_AUTORELEASING = YES;
				CLANG_WARN_BOOL_CONVERSION = YES;
				CLANG_WARN_COMMA = YES;
				CLANG_WARN_CONSTANT_CONVERSION = YES;
				CLANG_WARN_DEPRECATED_OBJC_IMPLEMENTATIONS = YES;
				CLANG_WARN_DIRECT_OBJC_ISA_USAGE = YES_ERROR;
				CLANG_WARN_DOCUMENTATION_COMMENTS = YES;
				CLANG_WARN_EMPTY_BODY = YES;
				CLANG_WARN_ENUM_CONVERSION = YES;
				CLANG_WARN_INFINITE_RECURSION = YES;
				CLANG_WARN_INT_CONVERSION = YES;
				CLANG_WARN_NON_LITERAL_NULL_CONVERSION = YES;
				CLANG_WARN_OBJC_IMPLICIT_RETAIN_SELF = YES;
				CLANG_WARN_OBJC_LITERAL_CONVERSION = YES;
				CLANG_WARN_OBJC_ROOT_CLASS = YES_ERROR;
				CLANG_WARN_QUOTED_INCLUDE_IN_FRAMEWORK_HEADER = YES;
				CLANG_WARN_RANGE_LOOP_ANALYSIS = YES;
				CLANG_WARN_STRICT_PROTOTYPES = YES;
				CLANG_WARN_SUSPICIOUS_MOVE = YES;
				CLANG_WARN_UNGUARDED_AVAILABILITY = YES_AGGRESSIVE;
				CLANG_WARN_UNREACHABLE_CODE = YES;
				CLANG_WARN__DUPLICATE_METHOD_MATCH = YES;
				COPY_PHASE_STRIP = NO;
				DEBUG_INFORMATION_FORMAT = "dwarf-with-dsym";
				ENABLE_NS_ASSERTIONS = NO;
				ENABLE_STRICT_OBJC_MSGSEND = YES;
				GCC_C_LANGUAGE_STANDARD = gnu11;
				GCC_NO_COMMON_BLOCKS = YES;
				GCC_WARN_64_TO_32_BIT_CONVERSION = YES;
				GCC_WARN_ABOUT_RETURN_TYPE = YES_ERROR;
				GCC_WARN_UNDECLARED_SELECTOR = YES;
				GCC_WARN_UNINITIALIZED_AUTOS = YES_AGGRESSIVE;
				GCC_WARN_UNUSED_FUNCTION = YES;
				GCC_WARN_UNUSED_VARIABLE = YES;
				MACOSX_DEPLOYMENT_TARGET = 12.1;
				MTL_ENABLE_DEBUG_INFO = NO;
				MTL_FAST_MATH = YES;
				SDKROOT = macosx;
				SWIFT_COMPILATION_MODE = wholemodule;
				SWIFT_OPTIMIZATION_LEVEL = "-O";
			};
			name = Release;
		};
		2541B2A227CACAE90067F05D /* Debug */ = {
			isa = XCBuildConfiguration;
			buildSettings = {
				CODE_SIGN_STYLE = Automatic;
				DEVELOPMENT_TEAM = 5AJ5NZESYF;
				ENABLE_HARDENED_RUNTIME = YES;
				PRODUCT_NAME = "$(TARGET_NAME)";
				SWIFT_VERSION = 5.0;
			};
			name = Debug;
		};
		2541B2A327CACAE90067F05D /* Release */ = {
			isa = XCBuildConfiguration;
			buildSettings = {
				CODE_SIGN_STYLE = Automatic;
				DEVELOPMENT_TEAM = 5AJ5NZESYF;
				ENABLE_HARDENED_RUNTIME = YES;
				PRODUCT_NAME = "$(TARGET_NAME)";
				SWIFT_VERSION = 5.0;
			};
			name = Release;
		};
/* End XCBuildConfiguration section */

/* Begin XCConfigurationList section */
		2541B29527CACAE90067F05D /* Build configuration list for PBXProject "SoupKitchen" */ = {
			isa = XCConfigurationList;
			buildConfigurations = (
				2541B29F27CACAE90067F05D /* Debug */,
				2541B2A027CACAE90067F05D /* Release */,
			);
			defaultConfigurationIsVisible = 0;
			defaultConfigurationName = Release;
		};
		2541B2A127CACAE90067F05D /* Build configuration list for PBXNativeTarget "SoupKitchen" */ = {
			isa = XCConfigurationList;
			buildConfigurations = (
				2541B2A227CACAE90067F05D /* Debug */,
				2541B2A327CACAE90067F05D /* Release */,
			);
			defaultConfigurationIsVisible = 0;
			defaultConfigurationName = Release;
		};
/* End XCConfigurationList section */

/* Begin XCRemoteSwiftPackageReference section */
		2541B2A827CAD2BA0067F05D /* XCRemoteSwiftPackageReference "SwiftSoup" */ = {
			isa = XCRemoteSwiftPackageReference;
			repositoryURL = "https://github.com/scinfu/SwiftSoup.git";
			requirement = {
				branch = master;
				kind = branch;
			};
		};
		254E758127D2FF7600FB9005 /* XCRemoteSwiftPackageReference "SwiftyJSON" */ = {
			isa = XCRemoteSwiftPackageReference;
			repositoryURL = "https://github.com/SwiftyJSON/SwiftyJSON.git";
			requirement = {
				kind = upToNextMinorVersion;
				minimumVersion = 5.0.0;
			};
		};
/* End XCRemoteSwiftPackageReference section */

/* Begin XCSwiftPackageProductDependency section */
		2541B2A927CAD2BA0067F05D /* SwiftSoup */ = {
			isa = XCSwiftPackageProductDependency;
			package = 2541B2A827CAD2BA0067F05D /* XCRemoteSwiftPackageReference "SwiftSoup" */;
			productName = SwiftSoup;
		};
		254E758227D2FF7600FB9005 /* SwiftyJSON */ = {
			isa = XCSwiftPackageProductDependency;
			package = 254E758127D2FF7600FB9005 /* XCRemoteSwiftPackageReference "SwiftyJSON" */;
			productName = SwiftyJSON;
		};
/* End XCSwiftPackageProductDependency section */
	};
	rootObject = 2541B29227CACAE90067F05D /* Project object */;
}
